
Microsoft Visual Studio Solution File, Format Version 12.00
# Visual Studio Version 17
VisualStudioVersion = 17.3.32811.315
MinimumVisualStudioVersion = 10.0.40219.1
Project("{2150E333-8FDC-42A3-9474-1A3956D46DE8}") = "MockServer", "MockServer", "{EF8076F3-F3D7-4C90-B369-38D263CB21F1}"
EndProject
Project("{9A19103F-16F7-4668-BE54-9A1E7A4F7556}") = "SFA.DAS.FAA.MockServer", "SFA.DAS.FAA.MockServer\SFA.DAS.FAA.MockServer.csproj", "{D130AACE-74F1-4F89-8CD9-95A2615ED1E0}"
EndProject
Project("{2150E333-8FDC-42A3-9474-1A3956D46DE8}") = "Tests", "Tests", "{45F17310-FD14-4625-89DC-4F0A3A9F6343}"
EndProject
Project("{9A19103F-16F7-4668-BE54-9A1E7A4F7556}") = "SFA.DAS.FAA.Application.UnitTests", "SFA.DAS.FAA.ApplicationUnitTests\SFA.DAS.FAA.Application.UnitTests.csproj", "{916BE21F-F566-4F1B-ABB8-571FE5B304AB}"
	ProjectSection(ProjectDependencies) = postProject
		{07E28743-22ED-46C2-9097-2A69BA6D96AD} = {07E28743-22ED-46C2-9097-2A69BA6D96AD}
		{9506AD32-23AD-44B6-A298-16E07C3426A7} = {9506AD32-23AD-44B6-A298-16E07C3426A7}
	EndProjectSection
EndProject
Project("{9A19103F-16F7-4668-BE54-9A1E7A4F7556}") = "SFA.DAS.FAA.Domain.UnitTests", "SFA.DAS.FAA.DomainUnitTests\SFA.DAS.FAA.Domain.UnitTests.csproj", "{0FFA4660-369E-4D63-973B-A750CE07489D}"
	ProjectSection(ProjectDependencies) = postProject
		{07E28743-22ED-46C2-9097-2A69BA6D96AD} = {07E28743-22ED-46C2-9097-2A69BA6D96AD}
	EndProjectSection
EndProject
Project("{9A19103F-16F7-4668-BE54-9A1E7A4F7556}") = "SFA.DAS.FAA.Infrastructure.UnitTests", "SFA.DAS.FAA.InfrastructureUnitTests\SFA.DAS.FAA.Infrastructure.UnitTests.csproj", "{66BB020E-9706-44D2-8AF5-E84F90F86C70}"
	ProjectSection(ProjectDependencies) = postProject
		{D2663A31-ACF1-4E62-A1AA-99148E782A98} = {D2663A31-ACF1-4E62-A1AA-99148E782A98}
	EndProjectSection
EndProject
Project("{9A19103F-16F7-4668-BE54-9A1E7A4F7556}") = "SFA.DAS.FAA.Web.UnitTests", "SFA.DAS.FAA.Web.UnitTests\SFA.DAS.FAA.Web.UnitTests.csproj", "{5C2A0F51-7BDA-4E5D-886A-DC3E727B0D92}"
EndProject
Project("{9A19103F-16F7-4668-BE54-9A1E7A4F7556}") = "SFA.DAS.FAA.Application", "SFA.DAS.FAA.Application\SFA.DAS.FAA.Application.csproj", "{9506AD32-23AD-44B6-A298-16E07C3426A7}"
	ProjectSection(ProjectDependencies) = postProject
		{07E28743-22ED-46C2-9097-2A69BA6D96AD} = {07E28743-22ED-46C2-9097-2A69BA6D96AD}
	EndProjectSection
EndProject
Project("{9A19103F-16F7-4668-BE54-9A1E7A4F7556}") = "SFA.DAS.FAA.Domain", "SFA.DAS.FAA.Domain\SFA.DAS.FAA.Domain.csproj", "{07E28743-22ED-46C2-9097-2A69BA6D96AD}"
EndProject
Project("{9A19103F-16F7-4668-BE54-9A1E7A4F7556}") = "SFA.DAS.FAA.Infrastructure", "SFA.DAS.FAA.Infrastructure\SFA.DAS.FAA.Infrastructure.csproj", "{D2663A31-ACF1-4E62-A1AA-99148E782A98}"
	ProjectSection(ProjectDependencies) = postProject
		{07E28743-22ED-46C2-9097-2A69BA6D96AD} = {07E28743-22ED-46C2-9097-2A69BA6D96AD}
	EndProjectSection
EndProject
Project("{FAE04EC0-301F-11D3-BF4B-00C04F79EFBC}") = "SFA.DAS.FAA.Web", "SFA.DAS.FAA.Web\SFA.DAS.FAA.Web.csproj", "{35DDB0DA-8149-45A8-8F9E-BFEFC85C98D1}"
EndProject
Project("{FAE04EC0-301F-11D3-BF4B-00C04F79EFBC}") = "SFA.DAS.FAA.Web.AcceptanceTests", "SFA.DAS.FAA.Web.AcceptanceTests\SFA.DAS.FAA.Web.AcceptanceTests.csproj", "{3DD4C326-DE8A-4C00-8947-CC8DC5EAA6E6}"
EndProject
Global
	GlobalSection(SolutionConfigurationPlatforms) = preSolution
		Debug|Any CPU = Debug|Any CPU
		Release|Any CPU = Release|Any CPU
	EndGlobalSection
	GlobalSection(ProjectConfigurationPlatforms) = postSolution
		{D130AACE-74F1-4F89-8CD9-95A2615ED1E0}.Debug|Any CPU.ActiveCfg = Debug|Any CPU
		{D130AACE-74F1-4F89-8CD9-95A2615ED1E0}.Debug|Any CPU.Build.0 = Debug|Any CPU
		{D130AACE-74F1-4F89-8CD9-95A2615ED1E0}.Release|Any CPU.ActiveCfg = Release|Any CPU
		{D130AACE-74F1-4F89-8CD9-95A2615ED1E0}.Release|Any CPU.Build.0 = Release|Any CPU
		{916BE21F-F566-4F1B-ABB8-571FE5B304AB}.Debug|Any CPU.ActiveCfg = Debug|Any CPU
		{916BE21F-F566-4F1B-ABB8-571FE5B304AB}.Debug|Any CPU.Build.0 = Debug|Any CPU
		{916BE21F-F566-4F1B-ABB8-571FE5B304AB}.Release|Any CPU.ActiveCfg = Release|Any CPU
		{916BE21F-F566-4F1B-ABB8-571FE5B304AB}.Release|Any CPU.Build.0 = Release|Any CPU
		{0FFA4660-369E-4D63-973B-A750CE07489D}.Debug|Any CPU.ActiveCfg = Debug|Any CPU
		{0FFA4660-369E-4D63-973B-A750CE07489D}.Debug|Any CPU.Build.0 = Debug|Any CPU
		{0FFA4660-369E-4D63-973B-A750CE07489D}.Release|Any CPU.ActiveCfg = Release|Any CPU
		{0FFA4660-369E-4D63-973B-A750CE07489D}.Release|Any CPU.Build.0 = Release|Any CPU
		{66BB020E-9706-44D2-8AF5-E84F90F86C70}.Debug|Any CPU.ActiveCfg = Debug|Any CPU
		{66BB020E-9706-44D2-8AF5-E84F90F86C70}.Debug|Any CPU.Build.0 = Debug|Any CPU
		{66BB020E-9706-44D2-8AF5-E84F90F86C70}.Release|Any CPU.ActiveCfg = Release|Any CPU
		{66BB020E-9706-44D2-8AF5-E84F90F86C70}.Release|Any CPU.Build.0 = Release|Any CPU
		{5C2A0F51-7BDA-4E5D-886A-DC3E727B0D92}.Debug|Any CPU.ActiveCfg = Debug|Any CPU
		{5C2A0F51-7BDA-4E5D-886A-DC3E727B0D92}.Debug|Any CPU.Build.0 = Debug|Any CPU
		{5C2A0F51-7BDA-4E5D-886A-DC3E727B0D92}.Release|Any CPU.ActiveCfg = Release|Any CPU
		{5C2A0F51-7BDA-4E5D-886A-DC3E727B0D92}.Release|Any CPU.Build.0 = Release|Any CPU
		{9506AD32-23AD-44B6-A298-16E07C3426A7}.Debug|Any CPU.ActiveCfg = Debug|Any CPU
		{9506AD32-23AD-44B6-A298-16E07C3426A7}.Debug|Any CPU.Build.0 = Debug|Any CPU
		{9506AD32-23AD-44B6-A298-16E07C3426A7}.Release|Any CPU.ActiveCfg = Release|Any CPU
		{9506AD32-23AD-44B6-A298-16E07C3426A7}.Release|Any CPU.Build.0 = Release|Any CPU
		{07E28743-22ED-46C2-9097-2A69BA6D96AD}.Debug|Any CPU.ActiveCfg = Debug|Any CPU
		{07E28743-22ED-46C2-9097-2A69BA6D96AD}.Debug|Any CPU.Build.0 = Debug|Any CPU
		{07E28743-22ED-46C2-9097-2A69BA6D96AD}.Release|Any CPU.ActiveCfg = Release|Any CPU
		{07E28743-22ED-46C2-9097-2A69BA6D96AD}.Release|Any CPU.Build.0 = Release|Any CPU
		{D2663A31-ACF1-4E62-A1AA-99148E782A98}.Debug|Any CPU.ActiveCfg = Debug|Any CPU
		{D2663A31-ACF1-4E62-A1AA-99148E782A98}.Debug|Any CPU.Build.0 = Debug|Any CPU
		{D2663A31-ACF1-4E62-A1AA-99148E782A98}.Release|Any CPU.ActiveCfg = Release|Any CPU
		{D2663A31-ACF1-4E62-A1AA-99148E782A98}.Release|Any CPU.Build.0 = Release|Any CPU
		{35DDB0DA-8149-45A8-8F9E-BFEFC85C98D1}.Debug|Any CPU.ActiveCfg = Debug|Any CPU
		{35DDB0DA-8149-45A8-8F9E-BFEFC85C98D1}.Debug|Any CPU.Build.0 = Debug|Any CPU
		{35DDB0DA-8149-45A8-8F9E-BFEFC85C98D1}.Release|Any CPU.ActiveCfg = Release|Any CPU
		{35DDB0DA-8149-45A8-8F9E-BFEFC85C98D1}.Release|Any CPU.Build.0 = Release|Any CPU
		{3DD4C326-DE8A-4C00-8947-CC8DC5EAA6E6}.Debug|Any CPU.ActiveCfg = Debug|Any CPU
		{3DD4C326-DE8A-4C00-8947-CC8DC5EAA6E6}.Debug|Any CPU.Build.0 = Debug|Any CPU
		{3DD4C326-DE8A-4C00-8947-CC8DC5EAA6E6}.Release|Any CPU.ActiveCfg = Release|Any CPU
		{3DD4C326-DE8A-4C00-8947-CC8DC5EAA6E6}.Release|Any CPU.Build.0 = Release|Any CPU
	EndGlobalSection
	GlobalSection(SolutionProperties) = preSolution
		HideSolutionNode = FALSE
	EndGlobalSection
	GlobalSection(NestedProjects) = preSolution
		{D130AACE-74F1-4F89-8CD9-95A2615ED1E0} = {EF8076F3-F3D7-4C90-B369-38D263CB21F1}
		{916BE21F-F566-4F1B-ABB8-571FE5B304AB} = {45F17310-FD14-4625-89DC-4F0A3A9F6343}
		{0FFA4660-369E-4D63-973B-A750CE07489D} = {45F17310-FD14-4625-89DC-4F0A3A9F6343}
		{66BB020E-9706-44D2-8AF5-E84F90F86C70} = {45F17310-FD14-4625-89DC-4F0A3A9F6343}
		{5C2A0F51-7BDA-4E5D-886A-DC3E727B0D92} = {45F17310-FD14-4625-89DC-4F0A3A9F6343}
		{3DD4C326-DE8A-4C00-8947-CC8DC5EAA6E6} = {45F17310-FD14-4625-89DC-4F0A3A9F6343}
	EndGlobalSection
	GlobalSection(ExtensibilityGlobals) = postSolution
		SolutionGuid = {73FAFA96-78CD-4A7D-94AF-0387B17FCE00}
	EndGlobalSection
EndGlobal
